// !$*UTF8*$!
{
	archiveVersion = 1;
	classes = {
	};
	objectVersion = 46;
	objects = {

/* Begin PBXBuildFile section */
		5ADE69F214FA5D8989517E70 /* Pods_NASAImages.framework in Frameworks */ = {isa = PBXBuildFile; fileRef = 82825C80496B895B572B27CB /* Pods_NASAImages.framework */; };
		BE27DCC81E887DA4003036F8 /* AppDelegate.swift in Sources */ = {isa = PBXBuildFile; fileRef = BE27DCC71E887DA4003036F8 /* AppDelegate.swift */; };
		BE27DCCD1E887DA4003036F8 /* Main.storyboard in Resources */ = {isa = PBXBuildFile; fileRef = BE27DCCB1E887DA4003036F8 /* Main.storyboard */; };
		BE27DCCF1E887DA4003036F8 /* Assets.xcassets in Resources */ = {isa = PBXBuildFile; fileRef = BE27DCCE1E887DA4003036F8 /* Assets.xcassets */; };
		BE27DCD21E887DA4003036F8 /* LaunchScreen.storyboard in Resources */ = {isa = PBXBuildFile; fileRef = BE27DCD01E887DA4003036F8 /* LaunchScreen.storyboard */; };
		BE27DCDB1E887ECA003036F8 /* NASAImageTableViewCell.swift in Sources */ = {isa = PBXBuildFile; fileRef = BE27DCD91E887ECA003036F8 /* NASAImageTableViewCell.swift */; };
		BE27DCDC1E887ECA003036F8 /* TableViewController.swift in Sources */ = {isa = PBXBuildFile; fileRef = BE27DCDA1E887ECA003036F8 /* TableViewController.swift */; };
		BE27DCDE1E888237003036F8 /* DetailViewController.swift in Sources */ = {isa = PBXBuildFile; fileRef = BE27DCDD1E888237003036F8 /* DetailViewController.swift */; };
/* End PBXBuildFile section */

/* Begin PBXFileReference section */
		82825C80496B895B572B27CB /* Pods_NASAImages.framework */ = {isa = PBXFileReference; explicitFileType = wrapper.framework; includeInIndex = 0; path = Pods_NASAImages.framework; sourceTree = BUILT_PRODUCTS_DIR; };
		993AFA069C7E64967C18517A /* Pods-NASAImages.release.xcconfig */ = {isa = PBXFileReference; includeInIndex = 1; lastKnownFileType = text.xcconfig; name = "Pods-NASAImages.release.xcconfig"; path = "Pods/Target Support Files/Pods-NASAImages/Pods-NASAImages.release.xcconfig"; sourceTree = "<group>"; };
		B94C508C71F6E109C98E95D4 /* Pods-NASAImages.debug.xcconfig */ = {isa = PBXFileReference; includeInIndex = 1; lastKnownFileType = text.xcconfig; name = "Pods-NASAImages.debug.xcconfig"; path = "Pods/Target Support Files/Pods-NASAImages/Pods-NASAImages.debug.xcconfig"; sourceTree = "<group>"; };
		BE27DCC41E887DA4003036F8 /* NASAImages.app */ = {isa = PBXFileReference; explicitFileType = wrapper.application; includeInIndex = 0; path = NASAImages.app; sourceTree = BUILT_PRODUCTS_DIR; };
		BE27DCC71E887DA4003036F8 /* AppDelegate.swift */ = {isa = PBXFileReference; lastKnownFileType = sourcecode.swift; path = AppDelegate.swift; sourceTree = "<group>"; };
		BE27DCCC1E887DA4003036F8 /* Base */ = {isa = PBXFileReference; lastKnownFileType = file.storyboard; name = Base; path = Base.lproj/Main.storyboard; sourceTree = "<group>"; };
		BE27DCCE1E887DA4003036F8 /* Assets.xcassets */ = {isa = PBXFileReference; lastKnownFileType = folder.assetcatalog; path = Assets.xcassets; sourceTree = "<group>"; };
		BE27DCD11E887DA4003036F8 /* Base */ = {isa = PBXFileReference; lastKnownFileType = file.storyboard; name = Base; path = Base.lproj/LaunchScreen.storyboard; sourceTree = "<group>"; };
		BE27DCD31E887DA4003036F8 /* Info.plist */ = {isa = PBXFileReference; lastKnownFileType = text.plist.xml; path = Info.plist; sourceTree = "<group>"; };
		BE27DCD91E887ECA003036F8 /* NASAImageTableViewCell.swift */ = {isa = PBXFileReference; fileEncoding = 4; lastKnownFileType = sourcecode.swift; path = NASAImageTableViewCell.swift; sourceTree = "<group>"; };
		BE27DCDA1E887ECA003036F8 /* TableViewController.swift */ = {isa = PBXFileReference; fileEncoding = 4; lastKnownFileType = sourcecode.swift; path = TableViewController.swift; sourceTree = "<group>"; };
		BE27DCDD1E888237003036F8 /* DetailViewController.swift */ = {isa = PBXFileReference; fileEncoding = 4; lastKnownFileType = sourcecode.swift; path = DetailViewController.swift; sourceTree = "<group>"; };
/* End PBXFileReference section */

/* Begin PBXFrameworksBuildPhase section */
		BE27DCC11E887DA4003036F8 /* Frameworks */ = {
			isa = PBXFrameworksBuildPhase;
			buildActionMask = 2147483647;
			files = (
				5ADE69F214FA5D8989517E70 /* Pods_NASAImages.framework in Frameworks */,
			);
			runOnlyForDeploymentPostprocessing = 0;
		};
/* End PBXFrameworksBuildPhase section */

/* Begin PBXGroup section */
		37C2EA862927B7141CDCC062 /* Frameworks */ = {
			isa = PBXGroup;
			children = (
				82825C80496B895B572B27CB /* Pods_NASAImages.framework */,
			);
			name = Frameworks;
			sourceTree = "<group>";
		};
		BE27DCBB1E887DA4003036F8 = {
			isa = PBXGroup;
			children = (
				BE27DCC61E887DA4003036F8 /* NASAImages */,
				BE27DCC51E887DA4003036F8 /* Products */,
				EB21EFF36FF4CED69074062A /* Pods */,
				37C2EA862927B7141CDCC062 /* Frameworks */,
			);
			sourceTree = "<group>";
		};
		BE27DCC51E887DA4003036F8 /* Products */ = {
			isa = PBXGroup;
			children = (
				BE27DCC41E887DA4003036F8 /* NASAImages.app */,
			);
			name = Products;
			sourceTree = "<group>";
		};
		BE27DCC61E887DA4003036F8 /* NASAImages */ = {
			isa = PBXGroup;
			children = (
				BE27DCC71E887DA4003036F8 /* AppDelegate.swift */,
				BE27DCD91E887ECA003036F8 /* NASAImageTableViewCell.swift */,
				BE27DCDA1E887ECA003036F8 /* TableViewController.swift */,
				BE27DCDD1E888237003036F8 /* DetailViewController.swift */,
				BE27DCCB1E887DA4003036F8 /* Main.storyboard */,
				BE27DCCE1E887DA4003036F8 /* Assets.xcassets */,
				BE27DCD01E887DA4003036F8 /* LaunchScreen.storyboard */,
				BE27DCD31E887DA4003036F8 /* Info.plist */,
			);
			path = NASAImages;
			sourceTree = "<group>";
		};
		EB21EFF36FF4CED69074062A /* Pods */ = {
			isa = PBXGroup;
			children = (
				B94C508C71F6E109C98E95D4 /* Pods-NASAImages.debug.xcconfig */,
				993AFA069C7E64967C18517A /* Pods-NASAImages.release.xcconfig */,
			);
			name = Pods;
			sourceTree = "<group>";
		};
/* End PBXGroup section */

/* Begin PBXNativeTarget section */
		BE27DCC31E887DA4003036F8 /* NASAImages */ = {
			isa = PBXNativeTarget;
			buildConfigurationList = BE27DCD61E887DA4003036F8 /* Build configuration list for PBXNativeTarget "NASAImages" */;
			buildPhases = (
				2BF32329739D451140709C86 /* [CP] Check Pods Manifest.lock */,
				BE27DCC01E887DA4003036F8 /* Sources */,
				BE27DCC11E887DA4003036F8 /* Frameworks */,
				BE27DCC21E887DA4003036F8 /* Resources */,
				00254DA71E13B8C4AB37B65E /* [CP] Embed Pods Frameworks */,
				2E75E6B9676924980C6723D7 /* [CP] Copy Pods Resources */,
			);
			buildRules = (
			);
			dependencies = (
			);
			name = NASAImages;
			productName = NASAImages;
			productReference = BE27DCC41E887DA4003036F8 /* NASAImages.app */;
			productType = "com.apple.product-type.application";
		};
/* End PBXNativeTarget section */

/* Begin PBXProject section */
		BE27DCBC1E887DA4003036F8 /* Project object */ = {
			isa = PBXProject;
			attributes = {
				LastSwiftUpdateCheck = 0820;
				LastUpgradeCheck = 0820;
				ORGANIZATIONNAME = "Bitcrafters, Inc.";
				TargetAttributes = {
					BE27DCC31E887DA4003036F8 = {
						CreatedOnToolsVersion = 8.2.1;
						DevelopmentTeam = 2L7J98569Z;
						ProvisioningStyle = Automatic;
					};
				};
			};
			buildConfigurationList = BE27DCBF1E887DA4003036F8 /* Build configuration list for PBXProject "NASAImages" */;
			compatibilityVersion = "Xcode 3.2";
			developmentRegion = English;
			hasScannedForEncodings = 0;
			knownRegions = (
				en,
				Base,
			);
			mainGroup = BE27DCBB1E887DA4003036F8;
			productRefGroup = BE27DCC51E887DA4003036F8 /* Products */;
			projectDirPath = "";
			projectRoot = "";
			targets = (
				BE27DCC31E887DA4003036F8 /* NASAImages */,
			);
		};
/* End PBXProject section */

/* Begin PBXResourcesBuildPhase section */
		BE27DCC21E887DA4003036F8 /* Resources */ = {
			isa = PBXResourcesBuildPhase;
			buildActionMask = 2147483647;
			files = (
				BE27DCD21E887DA4003036F8 /* LaunchScreen.storyboard in Resources */,
				BE27DCCF1E887DA4003036F8 /* Assets.xcassets in Resources */,
				BE27DCCD1E887DA4003036F8 /* Main.storyboard in Resources */,
			);
			runOnlyForDeploymentPostprocessing = 0;
		};
/* End PBXResourcesBuildPhase section */

/* Begin PBXShellScriptBuildPhase section */
		00254DA71E13B8C4AB37B65E /* [CP] Embed Pods Frameworks */ = {
			isa = PBXShellScriptBuildPhase;
			buildActionMask = 2147483647;
			files = (
			);
			inputPaths = (
			);
			name = "[CP] Embed Pods Frameworks";
			outputPaths = (
			);
			runOnlyForDeploymentPostprocessing = 0;
			shellPath = /bin/sh;
			shellScript = "\"${SRCROOT}/Pods/Target Support Files/Pods-NASAImages/Pods-NASAImages-frameworks.sh\"\n";
			showEnvVarsInLog = 0;
		};
		2BF32329739D451140709C86 /* [CP] Check Pods Manifest.lock */ = {
			isa = PBXShellScriptBuildPhase;
			buildActionMask = 2147483647;
			files = (
			);
			inputPaths = (
			);
			name = "[CP] Check Pods Manifest.lock";
			outputPaths = (
			);
			runOnlyForDeploymentPostprocessing = 0;
			shellPath = /bin/sh;
			shellScript = "diff \"${PODS_ROOT}/../Podfile.lock\" \"${PODS_ROOT}/Manifest.lock\" > /dev/null\nif [ $? != 0 ] ; then\n    # print error to STDERR\n    echo \"error: The sandbox is not in sync with the Podfile.lock. Run 'pod install' or update your CocoaPods installation.\" >&2\n    exit 1\nfi\n";
			showEnvVarsInLog = 0;
		};
		2E75E6B9676924980C6723D7 /* [CP] Copy Pods Resources */ = {
			isa = PBXShellScriptBuildPhase;
			buildActionMask = 2147483647;
			files = (
			);
			inputPaths = (
			);
			name = "[CP] Copy Pods Resources";
			outputPaths = (
			);
			runOnlyForDeploymentPostprocessing = 0;
			shellPath = /bin/sh;
			shellScript = "\"${SRCROOT}/Pods/Target Support Files/Pods-NASAImages/Pods-NASAImages-resources.sh\"\n";
			showEnvVarsInLog = 0;
		};
/* End PBXShellScriptBuildPhase section */

/* Begin PBXSourcesBuildPhase section */
		BE27DCC01E887DA4003036F8 /* Sources */ = {
			isa = PBXSourcesBuildPhase;
			buildActionMask = 2147483647;
			files = (
				BE27DCDB1E887ECA003036F8 /* NASAImageTableViewCell.swift in Sources */,
				BE27DCC81E887DA4003036F8 /* AppDelegate.swift in Sources */,
				BE27DCDC1E887ECA003036F8 /* TableViewController.swift in Sources */,
				BE27DCDE1E888237003036F8 /* DetailViewController.swift in Sources */,
			);
			runOnlyForDeploymentPostprocessing = 0;
		};
/* End PBXSourcesBuildPhase section */

/* Begin PBXVariantGroup section */
		BE27DCCB1E887DA4003036F8 /* Main.storyboard */ = {
			isa = PBXVariantGroup;
			children = (
				BE27DCCC1E887DA4003036F8 /* Base */,
			);
			name = Main.storyboard;
			sourceTree = "<group>";
		};
		BE27DCD01E887DA4003036F8 /* LaunchScreen.storyboard */ = {
			isa = PBXVariantGroup;
			children = (
				BE27DCD11E887DA4003036F8 /* Base */,
			);
			name = LaunchScreen.storyboard;
			sourceTree = "<group>";
		};
/* End PBXVariantGroup section */

/* Begin XCBuildConfiguration section */
		BE27DCD41E887DA4003036F8 /* Debug */ = {
			isa = XCBuildConfiguration;
			buildSettings = {
				ALWAYS_SEARCH_USER_PATHS = NO;
				CLANG_ANALYZER_NONNULL = YES;
				CLANG_CXX_LANGUAGE_STANDARD = "gnu++0x";
				CLANG_CXX_LIBRARY = "libc++";
				CLANG_ENABLE_MODULES = YES;
				CLANG_ENABLE_OBJC_ARC = YES;
				CLANG_WARN_BOOL_CONVERSION = YES;
				CLANG_WARN_CONSTANT_CONVERSION = YES;
				CLANG_WARN_DIRECT_OBJC_ISA_USAGE = YES_ERROR;
				CLANG_WARN_DOCUMENTATION_COMMENTS = YES;
				CLANG_WARN_EMPTY_BODY = YES;
				CLANG_WARN_ENUM_CONVERSION = YES;
				CLANG_WARN_INFINITE_RECURSION = YES;
				CLANG_WARN_INT_CONVERSION = YES;
				CLANG_WARN_OBJC_ROOT_CLASS = YES_ERROR;
				CLANG_WARN_SUSPICIOUS_MOVE = YES;
				CLANG_WARN_UNREACHABLE_CODE = YES;
				CLANG_WARN__DUPLICATE_METHOD_MATCH = YES;
				"CODE_SIGN_IDENTITY[sdk=iphoneos*]" = "iPhone Developer";
				COPY_PHASE_STRIP = NO;
				DEBUG_INFORMATION_FORMAT = dwarf;
				ENABLE_STRICT_OBJC_MSGSEND = YES;
				ENABLE_TESTABILITY = YES;
				GCC_C_LANGUAGE_STANDARD = gnu99;
				GCC_DYNAMIC_NO_PIC = NO;
				GCC_NO_COMMON_BLOCKS = YES;
				GCC_OPTIMIZATION_LEVEL = 0;
				GCC_PREPROCESSOR_DEFINITIONS = (
					"DEBUG=1",
					"$(inherited)",
				);
				GCC_WARN_64_TO_32_BIT_CONVERSION = YES;
				GCC_WARN_ABOUT_RETURN_TYPE = YES_ERROR;
				GCC_WARN_UNDECLARED_SELECTOR = YES;
				GCC_WARN_UNINITIALIZED_AUTOS = YES_AGGRESSIVE;
				GCC_WARN_UNUSED_FUNCTION = YES;
				GCC_WARN_UNUSED_VARIABLE = YES;
				IPHONEOS_DEPLOYMENT_TARGET = 10.2;
				MTL_ENABLE_DEBUG_INFO = YES;
				ONLY_ACTIVE_ARCH = YES;
				SDKROOT = iphoneos;
				SWIFT_ACTIVE_COMPILATION_CONDITIONS = DEBUG;
				SWIFT_OPTIMIZATION_LEVEL = "-Onone";
				TARGETED_DEVICE_FAMILY = "1,2";
			};
			name = Debug;
		};
		BE27DCD51E887DA4003036F8 /* Release */ = {
			isa = XCBuildConfiguration;
			buildSettings = {
				ALWAYS_SEARCH_USER_PATHS = NO;
				CLANG_ANALYZER_NONNULL = YES;
				CLANG_CXX_LANGUAGE_STANDARD = "gnu++0x";
				CLANG_CXX_LIBRARY = "libc++";
				CLANG_ENABLE_MODULES = YES;
				CLANG_ENABLE_OBJC_ARC = YES;
				CLANG_WARN_BOOL_CONVERSION = YES;
				CLANG_WARN_CONSTANT_CONVERSION = YES;
				CLANG_WARN_DIRECT_OBJC_ISA_USAGE = YES_ERROR;
				CLANG_WARN_DOCUMENTATION_COMMENTS = YES;
				CLANG_WARN_EMPTY_BODY = YES;
				CLANG_WARN_ENUM_CONVERSION = YES;
				CLANG_WARN_INFINITE_RECURSION = YES;
				CLANG_WARN_INT_CONVERSION = YES;
				CLANG_WARN_OBJC_ROOT_CLASS = YES_ERROR;
				CLANG_WARN_SUSPICIOUS_MOVE = YES;
				CLANG_WARN_UNREACHABLE_CODE = YES;
				CLANG_WARN__DUPLICATE_METHOD_MATCH = YES;
				"CODE_SIGN_IDENTITY[sdk=iphoneos*]" = "iPhone Developer";
				COPY_PHASE_STRIP = NO;
				DEBUG_INFORMATION_FORMAT = "dwarf-with-dsym";
				ENABLE_NS_ASSERTIONS = NO;
				ENABLE_STRICT_OBJC_MSGSEND = YES;
				GCC_C_LANGUAGE_STANDARD = gnu99;
				GCC_NO_COMMON_BLOCKS = YES;
				GCC_WARN_64_TO_32_BIT_CONVERSION = YES;
				GCC_WARN_ABOUT_RETURN_TYPE = YES_ERROR;
				GCC_WARN_UNDECLARED_SELECTOR = YES;
				GCC_WARN_UNINITIALIZED_AUTOS = YES_AGGRESSIVE;
				GCC_WARN_UNUSED_FUNCTION = YES;
				GCC_WARN_UNUSED_VARIABLE = YES;
				IPHONEOS_DEPLOYMENT_TARGET = 10.2;
				MTL_ENABLE_DEBUG_INFO = NO;
				SDKROOT = iphoneos;
				SWIFT_OPTIMIZATION_LEVEL = "-Owholemodule";
				TARGETED_DEVICE_FAMILY = "1,2";
				VALIDATE_PRODUCT = YES;
			};
			name = Release;
		};
		BE27DCD71E887DA4003036F8 /* Debug */ = {
			isa = XCBuildConfiguration;
			baseConfigurationReference = B94C508C71F6E109C98E95D4 /* Pods-NASAImages.debug.xcconfig */;
			buildSettings = {
				ALWAYS_EMBED_SWIFT_STANDARD_LIBRARIES = YES;
				ASSETCATALOG_COMPILER_APPICON_NAME = AppIcon;
				DEVELOPMENT_TEAM = 2L7J98569Z;
				INFOPLIST_FILE = NASAImages/Info.plist;
				LD_RUNPATH_SEARCH_PATHS = "$(inherited) @executable_path/Frameworks";
				PRODUCT_BUNDLE_IDENTIFIER = net.bitcrafters.NASAImages;
				PRODUCT_NAME = "$(TARGET_NAME)";
				SWIFT_VERSION = 3.0;
			};
			name = Debug;
		};
		BE27DCD81E887DA4003036F8 /* Release */ = {
			isa = XCBuildConfiguration;
			baseConfigurationReference = 993AFA069C7E64967C18517A /* Pods-NASAImages.release.xcconfig */;
			buildSettings = {
				ALWAYS_EMBED_SWIFT_STANDARD_LIBRARIES = YES;
				ASSETCATALOG_COMPILER_APPICON_NAME = AppIcon;
				DEVELOPMENT_TEAM = 2L7J98569Z;
				INFOPLIST_FILE = NASAImages/Info.plist;
				LD_RUNPATH_SEARCH_PATHS = "$(inherited) @executable_path/Frameworks";
				PRODUCT_BUNDLE_IDENTIFIER = net.bitcrafters.NASAImages;
				PRODUCT_NAME = "$(TARGET_NAME)";
				SWIFT_VERSION = 3.0;
			};
			name = Release;
		};
/* End XCBuildConfiguration section */

/* Begin XCConfigurationList section */
		BE27DCBF1E887DA4003036F8 /* Build configuration list for PBXProject "NASAImages" */ = {
			isa = XCConfigurationList;
			buildConfigurations = (
				BE27DCD41E887DA4003036F8 /* Debug */,
				BE27DCD51E887DA4003036F8 /* Release */,
			);
			defaultConfigurationIsVisible = 0;
			defaultConfigurationName = Release;
		};
		BE27DCD61E887DA4003036F8 /* Build configuration list for PBXNativeTarget "NASAImages" */ = {
			isa = XCConfigurationList;
			buildConfigurations = (
				BE27DCD71E887DA4003036F8 /* Debug */,
				BE27DCD81E887DA4003036F8 /* Release */,
			);
			defaultConfigurationIsVisible = 0;
			defaultConfigurationName = Release;
		};
/* End XCConfigurationList section */
	};
	rootObject = BE27DCBC1E887DA4003036F8 /* Project object */;
}
